{
  "name": "uon-test-clients",
  "version": "1.0.0",
  "lockfileVersion": 3,
  "requires": true,
  "packages": {
    "": {
      "name": "uon-test-clients",
      "version": "1.0.0",
      "license": "MIT",
      "dependencies": {
        "uon": "file:../uon"
      }
    },
    "../uon": {
      "version": "1.0.0",
      "license": "MIT",
      "dependencies": {
        "json5": "^2.2.3",
        "stream-pair": "^1.0.3",
        "ws": "^8.17.0"
      }
    },
    "node_modules/uon": {
      "resolved": "../uon",
      "link": true
    }
  }
}
